// !$*UTF8*$!
{
	archiveVersion = 1;
	classes = {
	};
	objectVersion = 50;
	objects = {

/* Begin PBXBuildFile section */
		15C71E3E21FB801B0077149F /* DataBaseManager.swift in Sources */ = {isa = PBXBuildFile; fileRef = 15C71E3D21FB801B0077149F /* DataBaseManager.swift */; };
		15C71E4021FCB3BD0077149F /* NetworkManagerTests.swift in Sources */ = {isa = PBXBuildFile; fileRef = 15C71E3F21FCB3BD0077149F /* NetworkManagerTests.swift */; };
		15C71E4321FCBD750077149F /* Q2008Response.json in Resources */ = {isa = PBXBuildFile; fileRef = 15C71E4221FCBD750077149F /* Q2008Response.json */; };
		15DED55C21F1B95F0019B574 /* AppDelegate.swift in Sources */ = {isa = PBXBuildFile; fileRef = 15DED55B21F1B95F0019B574 /* AppDelegate.swift */; };
		15DED56121F1B95F0019B574 /* Main.storyboard in Resources */ = {isa = PBXBuildFile; fileRef = 15DED55F21F1B95F0019B574 /* Main.storyboard */; };
		15DED56321F1B9620019B574 /* Assets.xcassets in Resources */ = {isa = PBXBuildFile; fileRef = 15DED56221F1B9620019B574 /* Assets.xcassets */; };
		15DED56621F1B9620019B574 /* LaunchScreen.storyboard in Resources */ = {isa = PBXBuildFile; fileRef = 15DED56421F1B9620019B574 /* LaunchScreen.storyboard */; };
		15DED57121F1B9630019B574 /* DisplayDataTests.swift in Sources */ = {isa = PBXBuildFile; fileRef = 15DED57021F1B9630019B574 /* DisplayDataTests.swift */; };
		15DED57C21F1B9630019B574 /* DisplayDataUITests.swift in Sources */ = {isa = PBXBuildFile; fileRef = 15DED57B21F1B9630019B574 /* DisplayDataUITests.swift */; };
		15DED58B21F1BC160019B574 /* NetworkManager.swift in Sources */ = {isa = PBXBuildFile; fileRef = 15DED58A21F1BC160019B574 /* NetworkManager.swift */; };
		15DED58E21F1EABC0019B574 /* DataDisplayViewController.swift in Sources */ = {isa = PBXBuildFile; fileRef = 15DED58D21F1EABC0019B574 /* DataDisplayViewController.swift */; };
		15DED59121F1F15F0019B574 /* DataDisplayTableViewCell.swift in Sources */ = {isa = PBXBuildFile; fileRef = 15DED59021F1F15F0019B574 /* DataDisplayTableViewCell.swift */; };
		15DED59421F1F2A50019B574 /* Record.swift in Sources */ = {isa = PBXBuildFile; fileRef = 15DED59321F1F2A50019B574 /* Record.swift */; };
		15DED59721F1FAFF0019B574 /* DataFetchViewModel.swift in Sources */ = {isa = PBXBuildFile; fileRef = 15DED59621F1FAFF0019B574 /* DataFetchViewModel.swift */; };
		15DED59A21F38E260019B574 /* Constants.swift in Sources */ = {isa = PBXBuildFile; fileRef = 15DED59921F38E260019B574 /* Constants.swift */; };
		40BC8F6403C4024BFC7326FC /* Pods_DisplayData.framework in Frameworks */ = {isa = PBXBuildFile; fileRef = 817A219B49967D50D7A9538D /* Pods_DisplayData.framework */; };
		84AE8A2532E402A0664CA9AD /* Pods_DisplayDataUITests.framework in Frameworks */ = {isa = PBXBuildFile; fileRef = C8C8AAC996FFC748BC600B25 /* Pods_DisplayDataUITests.framework */; };
		E17546A7516DBB85FAB68BE2 /* Pods_DisplayDataTests.framework in Frameworks */ = {isa = PBXBuildFile; fileRef = 4495C574E5BF8049667581A0 /* Pods_DisplayDataTests.framework */; };
/* End PBXBuildFile section */

/* Begin PBXContainerItemProxy section */
		15DED56D21F1B9630019B574 /* PBXContainerItemProxy */ = {
			isa = PBXContainerItemProxy;
			containerPortal = 15DED55021F1B95F0019B574 /* Project object */;
			proxyType = 1;
			remoteGlobalIDString = 15DED55721F1B95F0019B574;
			remoteInfo = DisplayData;
		};
		15DED57821F1B9630019B574 /* PBXContainerItemProxy */ = {
			isa = PBXContainerItemProxy;
			containerPortal = 15DED55021F1B95F0019B574 /* Project object */;
			proxyType = 1;
			remoteGlobalIDString = 15DED55721F1B95F0019B574;
			remoteInfo = DisplayData;
		};
/* End PBXContainerItemProxy section */

/* Begin PBXFileReference section */
		15C71E3D21FB801B0077149F /* DataBaseManager.swift */ = {isa = PBXFileReference; lastKnownFileType = sourcecode.swift; path = DataBaseManager.swift; sourceTree = "<group>"; };
		15C71E3F21FCB3BD0077149F /* NetworkManagerTests.swift */ = {isa = PBXFileReference; lastKnownFileType = sourcecode.swift; path = NetworkManagerTests.swift; sourceTree = "<group>"; };
		15C71E4221FCBD750077149F /* Q2008Response.json */ = {isa = PBXFileReference; lastKnownFileType = text.json; path = Q2008Response.json; sourceTree = "<group>"; };
		15DED55821F1B95F0019B574 /* DisplayData.app */ = {isa = PBXFileReference; explicitFileType = wrapper.application; includeInIndex = 0; path = DisplayData.app; sourceTree = BUILT_PRODUCTS_DIR; };
		15DED55B21F1B95F0019B574 /* AppDelegate.swift */ = {isa = PBXFileReference; lastKnownFileType = sourcecode.swift; path = AppDelegate.swift; sourceTree = "<group>"; };
		15DED56021F1B95F0019B574 /* Base */ = {isa = PBXFileReference; lastKnownFileType = file.storyboard; name = Base; path = Base.lproj/Main.storyboard; sourceTree = "<group>"; };
		15DED56221F1B9620019B574 /* Assets.xcassets */ = {isa = PBXFileReference; lastKnownFileType = folder.assetcatalog; path = Assets.xcassets; sourceTree = "<group>"; };
		15DED56521F1B9620019B574 /* Base */ = {isa = PBXFileReference; lastKnownFileType = file.storyboard; name = Base; path = Base.lproj/LaunchScreen.storyboard; sourceTree = "<group>"; };
		15DED56721F1B9620019B574 /* Info.plist */ = {isa = PBXFileReference; lastKnownFileType = text.plist.xml; path = Info.plist; sourceTree = "<group>"; };
		15DED56C21F1B9630019B574 /* DisplayDataTests.xctest */ = {isa = PBXFileReference; explicitFileType = wrapper.cfbundle; includeInIndex = 0; path = DisplayDataTests.xctest; sourceTree = BUILT_PRODUCTS_DIR; };
		15DED57021F1B9630019B574 /* DisplayDataTests.swift */ = {isa = PBXFileReference; lastKnownFileType = sourcecode.swift; path = DisplayDataTests.swift; sourceTree = "<group>"; };
		15DED57221F1B9630019B574 /* Info.plist */ = {isa = PBXFileReference; lastKnownFileType = text.plist.xml; path = Info.plist; sourceTree = "<group>"; };
		15DED57721F1B9630019B574 /* DisplayDataUITests.xctest */ = {isa = PBXFileReference; explicitFileType = wrapper.cfbundle; includeInIndex = 0; path = DisplayDataUITests.xctest; sourceTree = BUILT_PRODUCTS_DIR; };
		15DED57B21F1B9630019B574 /* DisplayDataUITests.swift */ = {isa = PBXFileReference; lastKnownFileType = sourcecode.swift; path = DisplayDataUITests.swift; sourceTree = "<group>"; };
		15DED57D21F1B9630019B574 /* Info.plist */ = {isa = PBXFileReference; lastKnownFileType = text.plist.xml; path = Info.plist; sourceTree = "<group>"; };
		15DED58A21F1BC160019B574 /* NetworkManager.swift */ = {isa = PBXFileReference; lastKnownFileType = sourcecode.swift; path = NetworkManager.swift; sourceTree = "<group>"; };
		15DED58D21F1EABC0019B574 /* DataDisplayViewController.swift */ = {isa = PBXFileReference; lastKnownFileType = sourcecode.swift; path = DataDisplayViewController.swift; sourceTree = "<group>"; };
		15DED59021F1F15F0019B574 /* DataDisplayTableViewCell.swift */ = {isa = PBXFileReference; lastKnownFileType = sourcecode.swift; path = DataDisplayTableViewCell.swift; sourceTree = "<group>"; };
		15DED59321F1F2A50019B574 /* Record.swift */ = {isa = PBXFileReference; lastKnownFileType = sourcecode.swift; path = Record.swift; sourceTree = "<group>"; };
		15DED59621F1FAFF0019B574 /* DataFetchViewModel.swift */ = {isa = PBXFileReference; lastKnownFileType = sourcecode.swift; path = DataFetchViewModel.swift; sourceTree = "<group>"; };
		15DED59921F38E260019B574 /* Constants.swift */ = {isa = PBXFileReference; lastKnownFileType = sourcecode.swift; path = Constants.swift; sourceTree = "<group>"; };
		298C1CD08C207215CA28A1E4 /* Pods-DisplayDataTests.debug.xcconfig */ = {isa = PBXFileReference; includeInIndex = 1; lastKnownFileType = text.xcconfig; name = "Pods-DisplayDataTests.debug.xcconfig"; path = "Pods/Target Support Files/Pods-DisplayDataTests/Pods-DisplayDataTests.debug.xcconfig"; sourceTree = "<group>"; };
		2A4EA4CF710B84D66F98B5BE /* Pods-DisplayDataUITests.debug.xcconfig */ = {isa = PBXFileReference; includeInIndex = 1; lastKnownFileType = text.xcconfig; name = "Pods-DisplayDataUITests.debug.xcconfig"; path = "Pods/Target Support Files/Pods-DisplayDataUITests/Pods-DisplayDataUITests.debug.xcconfig"; sourceTree = "<group>"; };
		4495C574E5BF8049667581A0 /* Pods_DisplayDataTests.framework */ = {isa = PBXFileReference; explicitFileType = wrapper.framework; includeInIndex = 0; path = Pods_DisplayDataTests.framework; sourceTree = BUILT_PRODUCTS_DIR; };
		817A219B49967D50D7A9538D /* Pods_DisplayData.framework */ = {isa = PBXFileReference; explicitFileType = wrapper.framework; includeInIndex = 0; path = Pods_DisplayData.framework; sourceTree = BUILT_PRODUCTS_DIR; };
		C8C8AAC996FFC748BC600B25 /* Pods_DisplayDataUITests.framework */ = {isa = PBXFileReference; explicitFileType = wrapper.framework; includeInIndex = 0; path = Pods_DisplayDataUITests.framework; sourceTree = BUILT_PRODUCTS_DIR; };
		CD86BAF0D0F092BF3CCA382A /* Pods-DisplayDataTests.release.xcconfig */ = {isa = PBXFileReference; includeInIndex = 1; lastKnownFileType = text.xcconfig; name = "Pods-DisplayDataTests.release.xcconfig"; path = "Pods/Target Support Files/Pods-DisplayDataTests/Pods-DisplayDataTests.release.xcconfig"; sourceTree = "<group>"; };
		D62BBA31067165E5DBA7AE53 /* Pods-DisplayData.release.xcconfig */ = {isa = PBXFileReference; includeInIndex = 1; lastKnownFileType = text.xcconfig; name = "Pods-DisplayData.release.xcconfig"; path = "Pods/Target Support Files/Pods-DisplayData/Pods-DisplayData.release.xcconfig"; sourceTree = "<group>"; };
		DC21A8595B2F5AA306DD9570 /* Pods-DisplayDataUITests.release.xcconfig */ = {isa = PBXFileReference; includeInIndex = 1; lastKnownFileType = text.xcconfig; name = "Pods-DisplayDataUITests.release.xcconfig"; path = "Pods/Target Support Files/Pods-DisplayDataUITests/Pods-DisplayDataUITests.release.xcconfig"; sourceTree = "<group>"; };
		FBF3090A340098BEFD733EF0 /* Pods-DisplayData.debug.xcconfig */ = {isa = PBXFileReference; includeInIndex = 1; lastKnownFileType = text.xcconfig; name = "Pods-DisplayData.debug.xcconfig"; path = "Pods/Target Support Files/Pods-DisplayData/Pods-DisplayData.debug.xcconfig"; sourceTree = "<group>"; };
/* End PBXFileReference section */

/* Begin PBXFrameworksBuildPhase section */
		15DED55521F1B95F0019B574 /* Frameworks */ = {
			isa = PBXFrameworksBuildPhase;
			buildActionMask = 2147483647;
			files = (
				40BC8F6403C4024BFC7326FC /* Pods_DisplayData.framework in Frameworks */,
			);
			runOnlyForDeploymentPostprocessing = 0;
		};
		15DED56921F1B9630019B574 /* Frameworks */ = {
			isa = PBXFrameworksBuildPhase;
			buildActionMask = 2147483647;
			files = (
				E17546A7516DBB85FAB68BE2 /* Pods_DisplayDataTests.framework in Frameworks */,
			);
			runOnlyForDeploymentPostprocessing = 0;
		};
		15DED57421F1B9630019B574 /* Frameworks */ = {
			isa = PBXFrameworksBuildPhase;
			buildActionMask = 2147483647;
			files = (
				84AE8A2532E402A0664CA9AD /* Pods_DisplayDataUITests.framework in Frameworks */,
			);
			runOnlyForDeploymentPostprocessing = 0;
		};
/* End PBXFrameworksBuildPhase section */

/* Begin PBXGroup section */
		15C71E4121FCBD370077149F /* Stubs */ = {
			isa = PBXGroup;
			children = (
				15C71E4221FCBD750077149F /* Q2008Response.json */,
			);
			path = Stubs;
			sourceTree = "<group>";
		};
		15DED54F21F1B95F0019B574 = {
			isa = PBXGroup;
			children = (
				15DED55A21F1B95F0019B574 /* DisplayData */,
				15DED56F21F1B9630019B574 /* DisplayDataTests */,
				15DED57A21F1B9630019B574 /* DisplayDataUITests */,
				15DED55921F1B95F0019B574 /* Products */,
				90C054B51969F4BB1D22F0A7 /* Pods */,
				B53A932DD8D8DF0FBD7D7397 /* Frameworks */,
			);
			sourceTree = "<group>";
		};
		15DED55921F1B95F0019B574 /* Products */ = {
			isa = PBXGroup;
			children = (
				15DED55821F1B95F0019B574 /* DisplayData.app */,
				15DED56C21F1B9630019B574 /* DisplayDataTests.xctest */,
				15DED57721F1B9630019B574 /* DisplayDataUITests.xctest */,
			);
			name = Products;
			sourceTree = "<group>";
		};
		15DED55A21F1B95F0019B574 /* DisplayData */ = {
			isa = PBXGroup;
			children = (
				15DED58921F1BBE60019B574 /* NetworkManager */,
				15DED58C21F1EA660019B574 /* Controller */,
				15DED58F21F1F0030019B574 /* ViewCell */,
				15DED59221F1F2840019B574 /* Model */,
				15DED59521F1FAD30019B574 /* ViewModel */,
				15DED59821F38E0D0019B574 /* Utilities */,
				15DED55B21F1B95F0019B574 /* AppDelegate.swift */,
				15DED55F21F1B95F0019B574 /* Main.storyboard */,
				15DED56221F1B9620019B574 /* Assets.xcassets */,
				15DED56421F1B9620019B574 /* LaunchScreen.storyboard */,
				15DED56721F1B9620019B574 /* Info.plist */,
			);
			path = DisplayData;
			sourceTree = "<group>";
		};
		15DED56F21F1B9630019B574 /* DisplayDataTests */ = {
			isa = PBXGroup;
			children = (
				15DED57021F1B9630019B574 /* DisplayDataTests.swift */,
				15DED57221F1B9630019B574 /* Info.plist */,
				15C71E3F21FCB3BD0077149F /* NetworkManagerTests.swift */,
				15C71E4121FCBD370077149F /* Stubs */,
			);
			path = DisplayDataTests;
			sourceTree = "<group>";
		};
		15DED57A21F1B9630019B574 /* DisplayDataUITests */ = {
			isa = PBXGroup;
			children = (
				15DED57B21F1B9630019B574 /* DisplayDataUITests.swift */,
				15DED57D21F1B9630019B574 /* Info.plist */,
			);
			path = DisplayDataUITests;
			sourceTree = "<group>";
		};
		15DED58921F1BBE60019B574 /* NetworkManager */ = {
			isa = PBXGroup;
			children = (
				15DED58A21F1BC160019B574 /* NetworkManager.swift */,
			);
			path = NetworkManager;
			sourceTree = "<group>";
		};
		15DED58C21F1EA660019B574 /* Controller */ = {
			isa = PBXGroup;
			children = (
				15DED58D21F1EABC0019B574 /* DataDisplayViewController.swift */,
			);
			path = Controller;
			sourceTree = "<group>";
		};
		15DED58F21F1F0030019B574 /* ViewCell */ = {
			isa = PBXGroup;
			children = (
				15DED59021F1F15F0019B574 /* DataDisplayTableViewCell.swift */,
			);
			path = ViewCell;
			sourceTree = "<group>";
		};
		15DED59221F1F2840019B574 /* Model */ = {
			isa = PBXGroup;
			children = (
				15DED59321F1F2A50019B574 /* Record.swift */,
				15C71E3D21FB801B0077149F /* DataBaseManager.swift */,
			);
			path = Model;
			sourceTree = "<group>";
		};
		15DED59521F1FAD30019B574 /* ViewModel */ = {
			isa = PBXGroup;
			children = (
				15DED59621F1FAFF0019B574 /* DataFetchViewModel.swift */,
			);
			path = ViewModel;
			sourceTree = "<group>";
		};
		15DED59821F38E0D0019B574 /* Utilities */ = {
			isa = PBXGroup;
			children = (
				15DED59921F38E260019B574 /* Constants.swift */,
			);
			path = Utilities;
			sourceTree = "<group>";
		};
		90C054B51969F4BB1D22F0A7 /* Pods */ = {
			isa = PBXGroup;
			children = (
				FBF3090A340098BEFD733EF0 /* Pods-DisplayData.debug.xcconfig */,
				D62BBA31067165E5DBA7AE53 /* Pods-DisplayData.release.xcconfig */,
				298C1CD08C207215CA28A1E4 /* Pods-DisplayDataTests.debug.xcconfig */,
				CD86BAF0D0F092BF3CCA382A /* Pods-DisplayDataTests.release.xcconfig */,
				2A4EA4CF710B84D66F98B5BE /* Pods-DisplayDataUITests.debug.xcconfig */,
				DC21A8595B2F5AA306DD9570 /* Pods-DisplayDataUITests.release.xcconfig */,
			);
			name = Pods;
			sourceTree = "<group>";
		};
		B53A932DD8D8DF0FBD7D7397 /* Frameworks */ = {
			isa = PBXGroup;
			children = (
				817A219B49967D50D7A9538D /* Pods_DisplayData.framework */,
				4495C574E5BF8049667581A0 /* Pods_DisplayDataTests.framework */,
				C8C8AAC996FFC748BC600B25 /* Pods_DisplayDataUITests.framework */,
			);
			name = Frameworks;
			sourceTree = "<group>";
		};
/* End PBXGroup section */

/* Begin PBXNativeTarget section */
		15DED55721F1B95F0019B574 /* DisplayData */ = {
			isa = PBXNativeTarget;
			buildConfigurationList = 15DED58021F1B9630019B574 /* Build configuration list for PBXNativeTarget "DisplayData" */;
			buildPhases = (
				40C73C95A5AE7DCA4EAFDDBC /* [CP] Check Pods Manifest.lock */,
				15DED55421F1B95F0019B574 /* Sources */,
				15DED55521F1B95F0019B574 /* Frameworks */,
				15DED55621F1B95F0019B574 /* Resources */,
				3486409A9FB6EE4FD469CFD5 /* [CP] Embed Pods Frameworks */,
			);
			buildRules = (
			);
			dependencies = (
			);
			name = DisplayData;
			productName = DisplayData;
			productReference = 15DED55821F1B95F0019B574 /* DisplayData.app */;
			productType = "com.apple.product-type.application";
		};
		15DED56B21F1B9630019B574 /* DisplayDataTests */ = {
			isa = PBXNativeTarget;
			buildConfigurationList = 15DED58321F1B9630019B574 /* Build configuration list for PBXNativeTarget "DisplayDataTests" */;
			buildPhases = (
				4C01F8859C2C564937C49226 /* [CP] Check Pods Manifest.lock */,
				15DED56821F1B9630019B574 /* Sources */,
				15DED56921F1B9630019B574 /* Frameworks */,
				15DED56A21F1B9630019B574 /* Resources */,
			);
			buildRules = (
			);
			dependencies = (
				15DED56E21F1B9630019B574 /* PBXTargetDependency */,
			);
			name = DisplayDataTests;
			productName = DisplayDataTests;
			productReference = 15DED56C21F1B9630019B574 /* DisplayDataTests.xctest */;
			productType = "com.apple.product-type.bundle.unit-test";
		};
		15DED57621F1B9630019B574 /* DisplayDataUITests */ = {
			isa = PBXNativeTarget;
			buildConfigurationList = 15DED58621F1B9630019B574 /* Build configuration list for PBXNativeTarget "DisplayDataUITests" */;
			buildPhases = (
				A34876EDEF2583110AF93A38 /* [CP] Check Pods Manifest.lock */,
				15DED57321F1B9630019B574 /* Sources */,
				15DED57421F1B9630019B574 /* Frameworks */,
				15DED57521F1B9630019B574 /* Resources */,
			);
			buildRules = (
			);
			dependencies = (
				15DED57921F1B9630019B574 /* PBXTargetDependency */,
			);
			name = DisplayDataUITests;
			productName = DisplayDataUITests;
			productReference = 15DED57721F1B9630019B574 /* DisplayDataUITests.xctest */;
			productType = "com.apple.product-type.bundle.ui-testing";
		};
/* End PBXNativeTarget section */

/* Begin PBXProject section */
		15DED55021F1B95F0019B574 /* Project object */ = {
			isa = PBXProject;
			attributes = {
				LastSwiftUpdateCheck = 1010;
				LastUpgradeCheck = 1010;
				ORGANIZATIONNAME = "Aadesh Maheshwari";
				TargetAttributes = {
					15DED55721F1B95F0019B574 = {
						CreatedOnToolsVersion = 10.1;
					};
					15DED56B21F1B9630019B574 = {
						CreatedOnToolsVersion = 10.1;
						TestTargetID = 15DED55721F1B95F0019B574;
					};
					15DED57621F1B9630019B574 = {
						CreatedOnToolsVersion = 10.1;
						TestTargetID = 15DED55721F1B95F0019B574;
					};
				};
			};
			buildConfigurationList = 15DED55321F1B95F0019B574 /* Build configuration list for PBXProject "DisplayData" */;
			compatibilityVersion = "Xcode 9.3";
			developmentRegion = en;
			hasScannedForEncodings = 0;
			knownRegions = (
				en,
				Base,
			);
			mainGroup = 15DED54F21F1B95F0019B574;
			productRefGroup = 15DED55921F1B95F0019B574 /* Products */;
			projectDirPath = "";
			projectRoot = "";
			targets = (
				15DED55721F1B95F0019B574 /* DisplayData */,
				15DED56B21F1B9630019B574 /* DisplayDataTests */,
				15DED57621F1B9630019B574 /* DisplayDataUITests */,
			);
		};
/* End PBXProject section */

/* Begin PBXResourcesBuildPhase section */
		15DED55621F1B95F0019B574 /* Resources */ = {
			isa = PBXResourcesBuildPhase;
			buildActionMask = 2147483647;
			files = (
				15DED56621F1B9620019B574 /* LaunchScreen.storyboard in Resources */,
				15DED56321F1B9620019B574 /* Assets.xcassets in Resources */,
				15DED56121F1B95F0019B574 /* Main.storyboard in Resources */,
			);
			runOnlyForDeploymentPostprocessing = 0;
		};
		15DED56A21F1B9630019B574 /* Resources */ = {
			isa = PBXResourcesBuildPhase;
			buildActionMask = 2147483647;
			files = (
				15C71E4321FCBD750077149F /* Q2008Response.json in Resources */,
			);
			runOnlyForDeploymentPostprocessing = 0;
		};
		15DED57521F1B9630019B574 /* Resources */ = {
			isa = PBXResourcesBuildPhase;
			buildActionMask = 2147483647;
			files = (
			);
			runOnlyForDeploymentPostprocessing = 0;
		};
/* End PBXResourcesBuildPhase section */

/* Begin PBXShellScriptBuildPhase section */
		3486409A9FB6EE4FD469CFD5 /* [CP] Embed Pods Frameworks */ = {
			isa = PBXShellScriptBuildPhase;
			buildActionMask = 2147483647;
			files = (
			);
			inputPaths = (
				"${SRCROOT}/Pods/Target Support Files/Pods-DisplayData/Pods-DisplayData-frameworks.sh",
				"${BUILT_PRODUCTS_DIR}/Alamofire/Alamofire.framework",
				"${BUILT_PRODUCTS_DIR}/Moya/Moya.framework",
				"${BUILT_PRODUCTS_DIR}/ObjectMapper/ObjectMapper.framework",
				"${BUILT_PRODUCTS_DIR}/Realm/Realm.framework",
				"${BUILT_PRODUCTS_DIR}/RealmSwift/RealmSwift.framework",
				"${BUILT_PRODUCTS_DIR}/Result/Result.framework",
			);
			name = "[CP] Embed Pods Frameworks";
			outputPaths = (
				"${TARGET_BUILD_DIR}/${FRAMEWORKS_FOLDER_PATH}/Alamofire.framework",
				"${TARGET_BUILD_DIR}/${FRAMEWORKS_FOLDER_PATH}/Moya.framework",
				"${TARGET_BUILD_DIR}/${FRAMEWORKS_FOLDER_PATH}/ObjectMapper.framework",
				"${TARGET_BUILD_DIR}/${FRAMEWORKS_FOLDER_PATH}/Realm.framework",
				"${TARGET_BUILD_DIR}/${FRAMEWORKS_FOLDER_PATH}/RealmSwift.framework",
				"${TARGET_BUILD_DIR}/${FRAMEWORKS_FOLDER_PATH}/Result.framework",
			);
			runOnlyForDeploymentPostprocessing = 0;
			shellPath = /bin/sh;
			shellScript = "\"${SRCROOT}/Pods/Target Support Files/Pods-DisplayData/Pods-DisplayData-frameworks.sh\"\n";
			showEnvVarsInLog = 0;
		};
		40C73C95A5AE7DCA4EAFDDBC /* [CP] Check Pods Manifest.lock */ = {
			isa = PBXShellScriptBuildPhase;
			buildActionMask = 2147483647;
			files = (
			);
			inputPaths = (
				"${PODS_PODFILE_DIR_PATH}/Podfile.lock",
				"${PODS_ROOT}/Manifest.lock",
			);
			name = "[CP] Check Pods Manifest.lock";
			outputPaths = (
				"$(DERIVED_FILE_DIR)/Pods-DisplayData-checkManifestLockResult.txt",
			);
			runOnlyForDeploymentPostprocessing = 0;
			shellPath = /bin/sh;
			shellScript = "diff \"${PODS_PODFILE_DIR_PATH}/Podfile.lock\" \"${PODS_ROOT}/Manifest.lock\" > /dev/null\nif [ $? != 0 ] ; then\n    # print error to STDERR\n    echo \"error: The sandbox is not in sync with the Podfile.lock. Run 'pod install' or update your CocoaPods installation.\" >&2\n    exit 1\nfi\n# This output is used by Xcode 'outputs' to avoid re-running this script phase.\necho \"SUCCESS\" > \"${SCRIPT_OUTPUT_FILE_0}\"\n";
			showEnvVarsInLog = 0;
		};
		4C01F8859C2C564937C49226 /* [CP] Check Pods Manifest.lock */ = {
			isa = PBXShellScriptBuildPhase;
			buildActionMask = 2147483647;
			files = (
			);
			inputPaths = (
				"${PODS_PODFILE_DIR_PATH}/Podfile.lock",
				"${PODS_ROOT}/Manifest.lock",
			);
			name = "[CP] Check Pods Manifest.lock";
			outputPaths = (
				"$(DERIVED_FILE_DIR)/Pods-DisplayDataTests-checkManifestLockResult.txt",
			);
			runOnlyForDeploymentPostprocessing = 0;
			shellPath = /bin/sh;
			shellScript = "diff \"${PODS_PODFILE_DIR_PATH}/Podfile.lock\" \"${PODS_ROOT}/Manifest.lock\" > /dev/null\nif [ $? != 0 ] ; then\n    # print error to STDERR\n    echo \"error: The sandbox is not in sync with the Podfile.lock. Run 'pod install' or update your CocoaPods installation.\" >&2\n    exit 1\nfi\n# This output is used by Xcode 'outputs' to avoid re-running this script phase.\necho \"SUCCESS\" > \"${SCRIPT_OUTPUT_FILE_0}\"\n";
			showEnvVarsInLog = 0;
		};
		A34876EDEF2583110AF93A38 /* [CP] Check Pods Manifest.lock */ = {
			isa = PBXShellScriptBuildPhase;
			buildActionMask = 2147483647;
			files = (
			);
			inputPaths = (
				"${PODS_PODFILE_DIR_PATH}/Podfile.lock",
				"${PODS_ROOT}/Manifest.lock",
			);
			name = "[CP] Check Pods Manifest.lock";
			outputPaths = (
				"$(DERIVED_FILE_DIR)/Pods-DisplayDataUITests-checkManifestLockResult.txt",
			);
			runOnlyForDeploymentPostprocessing = 0;
			shellPath = /bin/sh;
			shellScript = "diff \"${PODS_PODFILE_DIR_PATH}/Podfile.lock\" \"${PODS_ROOT}/Manifest.lock\" > /dev/null\nif [ $? != 0 ] ; then\n    # print error to STDERR\n    echo \"error: The sandbox is not in sync with the Podfile.lock. Run 'pod install' or update your CocoaPods installation.\" >&2\n    exit 1\nfi\n# This output is used by Xcode 'outputs' to avoid re-running this script phase.\necho \"SUCCESS\" > \"${SCRIPT_OUTPUT_FILE_0}\"\n";
			showEnvVarsInLog = 0;
		};
/* End PBXShellScriptBuildPhase section */

/* Begin PBXSourcesBuildPhase section */
		15DED55421F1B95F0019B574 /* Sources */ = {
			isa = PBXSourcesBuildPhase;
			buildActionMask = 2147483647;
			files = (
				15C71E3E21FB801B0077149F /* DataBaseManager.swift in Sources */,
				15DED59721F1FAFF0019B574 /* DataFetchViewModel.swift in Sources */,
				15DED58B21F1BC160019B574 /* NetworkManager.swift in Sources */,
				15DED58E21F1EABC0019B574 /* DataDisplayViewController.swift in Sources */,
				15DED59421F1F2A50019B574 /* Record.swift in Sources */,
				15DED59121F1F15F0019B574 /* DataDisplayTableViewCell.swift in Sources */,
				15DED55C21F1B95F0019B574 /* AppDelegate.swift in Sources */,
				15DED59A21F38E260019B574 /* Constants.swift in Sources */,
			);
			runOnlyForDeploymentPostprocessing = 0;
		};
		15DED56821F1B9630019B574 /* Sources */ = {
			isa = PBXSourcesBuildPhase;
			buildActionMask = 2147483647;
			files = (
				15C71E4021FCB3BD0077149F /* NetworkManagerTests.swift in Sources */,
				15DED57121F1B9630019B574 /* DisplayDataTests.swift in Sources */,
			);
			runOnlyForDeploymentPostprocessing = 0;
		};
		15DED57321F1B9630019B574 /* Sources */ = {
			isa = PBXSourcesBuildPhase;
			buildActionMask = 2147483647;
			files = (
				15DED57C21F1B9630019B574 /* DisplayDataUITests.swift in Sources */,
			);
			runOnlyForDeploymentPostprocessing = 0;
		};
/* End PBXSourcesBuildPhase section */

/* Begin PBXTargetDependency section */
		15DED56E21F1B9630019B574 /* PBXTargetDependency */ = {
			isa = PBXTargetDependency;
			target = 15DED55721F1B95F0019B574 /* DisplayData */;
			targetProxy = 15DED56D21F1B9630019B574 /* PBXContainerItemProxy */;
		};
		15DED57921F1B9630019B574 /* PBXTargetDependency */ = {
			isa = PBXTargetDependency;
			target = 15DED55721F1B95F0019B574 /* DisplayData */;
			targetProxy = 15DED57821F1B9630019B574 /* PBXContainerItemProxy */;
		};
/* End PBXTargetDependency section */

/* Begin PBXVariantGroup section */
		15DED55F21F1B95F0019B574 /* Main.storyboard */ = {
			isa = PBXVariantGroup;
			children = (
				15DED56021F1B95F0019B574 /* Base */,
			);
			name = Main.storyboard;
			sourceTree = "<group>";
		};
		15DED56421F1B9620019B574 /* LaunchScreen.storyboard */ = {
			isa = PBXVariantGroup;
			children = (
				15DED56521F1B9620019B574 /* Base */,
			);
			name = LaunchScreen.storyboard;
			sourceTree = "<group>";
		};
/* End PBXVariantGroup section */

/* Begin XCBuildConfiguration section */
		15DED57E21F1B9630019B574 /* Debug */ = {
			isa = XCBuildConfiguration;
			buildSettings = {
				ALWAYS_SEARCH_USER_PATHS = NO;
				CLANG_ANALYZER_NONNULL = YES;
				CLANG_ANALYZER_NUMBER_OBJECT_CONVERSION = YES_AGGRESSIVE;
				CLANG_CXX_LANGUAGE_STANDARD = "gnu++14";
				CLANG_CXX_LIBRARY = "libc++";
				CLANG_ENABLE_MODULES = YES;
				CLANG_ENABLE_OBJC_ARC = YES;
				CLANG_ENABLE_OBJC_WEAK = YES;
				CLANG_WARN_BLOCK_CAPTURE_AUTORELEASING = YES;
				CLANG_WARN_BOOL_CONVERSION = YES;
				CLANG_WARN_COMMA = YES;
				CLANG_WARN_CONSTANT_CONVERSION = YES;
				CLANG_WARN_DEPRECATED_OBJC_IMPLEMENTATIONS = YES;
				CLANG_WARN_DIRECT_OBJC_ISA_USAGE = YES_ERROR;
				CLANG_WARN_DOCUMENTATION_COMMENTS = YES;
				CLANG_WARN_EMPTY_BODY = YES;
				CLANG_WARN_ENUM_CONVERSION = YES;
				CLANG_WARN_INFINITE_RECURSION = YES;
				CLANG_WARN_INT_CONVERSION = YES;
				CLANG_WARN_NON_LITERAL_NULL_CONVERSION = YES;
				CLANG_WARN_OBJC_IMPLICIT_RETAIN_SELF = YES;
				CLANG_WARN_OBJC_LITERAL_CONVERSION = YES;
				CLANG_WARN_OBJC_ROOT_CLASS = YES_ERROR;
				CLANG_WARN_RANGE_LOOP_ANALYSIS = YES;
				CLANG_WARN_STRICT_PROTOTYPES = YES;
				CLANG_WARN_SUSPICIOUS_MOVE = YES;
				CLANG_WARN_UNGUARDED_AVAILABILITY = YES_AGGRESSIVE;
				CLANG_WARN_UNREACHABLE_CODE = YES;
				CLANG_WARN__DUPLICATE_METHOD_MATCH = YES;
				CODE_SIGN_IDENTITY = "iPhone Developer";
				COPY_PHASE_STRIP = NO;
				DEBUG_INFORMATION_FORMAT = dwarf;
				ENABLE_STRICT_OBJC_MSGSEND = YES;
				ENABLE_TESTABILITY = YES;
				GCC_C_LANGUAGE_STANDARD = gnu11;
				GCC_DYNAMIC_NO_PIC = NO;
				GCC_NO_COMMON_BLOCKS = YES;
				GCC_OPTIMIZATION_LEVEL = 0;
				GCC_PREPROCESSOR_DEFINITIONS = (
					"DEBUG=1",
					"$(inherited)",
				);
				GCC_WARN_64_TO_32_BIT_CONVERSION = YES;
				GCC_WARN_ABOUT_RETURN_TYPE = YES_ERROR;
				GCC_WARN_UNDECLARED_SELECTOR = YES;
				GCC_WARN_UNINITIALIZED_AUTOS = YES_AGGRESSIVE;
				GCC_WARN_UNUSED_FUNCTION = YES;
				GCC_WARN_UNUSED_VARIABLE = YES;
				IPHONEOS_DEPLOYMENT_TARGET = 12.1;
				MTL_ENABLE_DEBUG_INFO = INCLUDE_SOURCE;
				MTL_FAST_MATH = YES;
				ONLY_ACTIVE_ARCH = YES;
				SDKROOT = iphoneos;
				SWIFT_ACTIVE_COMPILATION_CONDITIONS = DEBUG;
				SWIFT_OPTIMIZATION_LEVEL = "-Onone";
			};
			name = Debug;
		};
		15DED57F21F1B9630019B574 /* Release */ = {
			isa = XCBuildConfiguration;
			buildSettings = {
				ALWAYS_SEARCH_USER_PATHS = NO;
				CLANG_ANALYZER_NONNULL = YES;
				CLANG_ANALYZER_NUMBER_OBJECT_CONVERSION = YES_AGGRESSIVE;
				CLANG_CXX_LANGUAGE_STANDARD = "gnu++14";
				CLANG_CXX_LIBRARY = "libc++";
				CLANG_ENABLE_MODULES = YES;
				CLANG_ENABLE_OBJC_ARC = YES;
				CLANG_ENABLE_OBJC_WEAK = YES;
				CLANG_WARN_BLOCK_CAPTURE_AUTORELEASING = YES;
				CLANG_WARN_BOOL_CONVERSION = YES;
				CLANG_WARN_COMMA = YES;
				CLANG_WARN_CONSTANT_CONVERSION = YES;
				CLANG_WARN_DEPRECATED_OBJC_IMPLEMENTATIONS = YES;
				CLANG_WARN_DIRECT_OBJC_ISA_USAGE = YES_ERROR;
				CLANG_WARN_DOCUMENTATION_COMMENTS = YES;
				CLANG_WARN_EMPTY_BODY = YES;
				CLANG_WARN_ENUM_CONVERSION = YES;
				CLANG_WARN_INFINITE_RECURSION = YES;
				CLANG_WARN_INT_CONVERSION = YES;
				CLANG_WARN_NON_LITERAL_NULL_CONVERSION = YES;
				CLANG_WARN_OBJC_IMPLICIT_RETAIN_SELF = YES;
				CLANG_WARN_OBJC_LITERAL_CONVERSION = YES;
				CLANG_WARN_OBJC_ROOT_CLASS = YES_ERROR;
				CLANG_WARN_RANGE_LOOP_ANALYSIS = YES;
				CLANG_WARN_STRICT_PROTOTYPES = YES;
				CLANG_WARN_SUSPICIOUS_MOVE = YES;
				CLANG_WARN_UNGUARDED_AVAILABILITY = YES_AGGRESSIVE;
				CLANG_WARN_UNREACHABLE_CODE = YES;
				CLANG_WARN__DUPLICATE_METHOD_MATCH = YES;
				CODE_SIGN_IDENTITY = "iPhone Developer";
				COPY_PHASE_STRIP = NO;
				DEBUG_INFORMATION_FORMAT = "dwarf-with-dsym";
				ENABLE_NS_ASSERTIONS = NO;
				ENABLE_STRICT_OBJC_MSGSEND = YES;
				GCC_C_LANGUAGE_STANDARD = gnu11;
				GCC_NO_COMMON_BLOCKS = YES;
				GCC_WARN_64_TO_32_BIT_CONVERSION = YES;
				GCC_WARN_ABOUT_RETURN_TYPE = YES_ERROR;
				GCC_WARN_UNDECLARED_SELECTOR = YES;
				GCC_WARN_UNINITIALIZED_AUTOS = YES_AGGRESSIVE;
				GCC_WARN_UNUSED_FUNCTION = YES;
				GCC_WARN_UNUSED_VARIABLE = YES;
				IPHONEOS_DEPLOYMENT_TARGET = 12.1;
				MTL_ENABLE_DEBUG_INFO = NO;
				MTL_FAST_MATH = YES;
				SDKROOT = iphoneos;
				SWIFT_COMPILATION_MODE = wholemodule;
				SWIFT_OPTIMIZATION_LEVEL = "-O";
				VALIDATE_PRODUCT = YES;
			};
			name = Release;
		};
		15DED58121F1B9630019B574 /* Debug */ = {
			isa = XCBuildConfiguration;
			baseConfigurationReference = FBF3090A340098BEFD733EF0 /* Pods-DisplayData.debug.xcconfig */;
			buildSettings = {
				ASSETCATALOG_COMPILER_APPICON_NAME = AppIcon;
				CODE_SIGN_STYLE = Automatic;
				DEVELOPMENT_TEAM = 69X527K7GA;
				INFOPLIST_FILE = DisplayData/Info.plist;
				LD_RUNPATH_SEARCH_PATHS = (
					"$(inherited)",
					"@executable_path/Frameworks",
				);
				PRODUCT_BUNDLE_IDENTIFIER = com.kyrptoLabs.com.DisplayData;
				PRODUCT_NAME = "$(TARGET_NAME)";
				SWIFT_VERSION = 4.2;
				TARGETED_DEVICE_FAMILY = "1,2";
			};
			name = Debug;
		};
		15DED58221F1B9630019B574 /* Release */ = {
			isa = XCBuildConfiguration;
			baseConfigurationReference = D62BBA31067165E5DBA7AE53 /* Pods-DisplayData.release.xcconfig */;
			buildSettings = {
				ASSETCATALOG_COMPILER_APPICON_NAME = AppIcon;
				CODE_SIGN_STYLE = Automatic;
				DEVELOPMENT_TEAM = 69X527K7GA;
				INFOPLIST_FILE = DisplayData/Info.plist;
				LD_RUNPATH_SEARCH_PATHS = (
					"$(inherited)",
					"@executable_path/Frameworks",
				);
				PRODUCT_BUNDLE_IDENTIFIER = com.kyrptoLabs.com.DisplayData;
				PRODUCT_NAME = "$(TARGET_NAME)";
				SWIFT_VERSION = 4.2;
				TARGETED_DEVICE_FAMILY = "1,2";
			};
			name = Release;
		};
		15DED58421F1B9630019B574 /* Debug */ = {
			isa = XCBuildConfiguration;
			baseConfigurationReference = 298C1CD08C207215CA28A1E4 /* Pods-DisplayDataTests.debug.xcconfig */;
			buildSettings = {
				ALWAYS_EMBED_SWIFT_STANDARD_LIBRARIES = YES;
				BUNDLE_LOADER = "$(TEST_HOST)";
				CODE_SIGN_STYLE = Automatic;
				DEVELOPMENT_TEAM = 69X527K7GA;
				INFOPLIST_FILE = DisplayDataTests/Info.plist;
				LD_RUNPATH_SEARCH_PATHS = (
					"$(inherited)",
					"@executable_path/Frameworks",
					"@loader_path/Frameworks",
				);
				PRODUCT_BUNDLE_IDENTIFIER = com.kyrptoLabs.com.DisplayDataTests;
				PRODUCT_NAME = "$(TARGET_NAME)";
				SWIFT_VERSION = 4.2;
				TARGETED_DEVICE_FAMILY = "1,2";
				TEST_HOST = "$(BUILT_PRODUCTS_DIR)/DisplayData.app/DisplayData";
			};
			name = Debug;
		};
		15DED58521F1B9630019B574 /* Release */ = {
			isa = XCBuildConfiguration;
			baseConfigurationReference = CD86BAF0D0F092BF3CCA382A /* Pods-DisplayDataTests.release.xcconfig */;
			buildSettings = {
				ALWAYS_EMBED_SWIFT_STANDARD_LIBRARIES = YES;
				BUNDLE_LOADER = "$(TEST_HOST)";
				CODE_SIGN_STYLE = Automatic;
				DEVELOPMENT_TEAM = 69X527K7GA;
				INFOPLIST_FILE = DisplayDataTests/Info.plist;
				LD_RUNPATH_SEARCH_PATHS = (
					"$(inherited)",
					"@executable_path/Frameworks",
					"@loader_path/Frameworks",
				);
				PRODUCT_BUNDLE_IDENTIFIER = com.kyrptoLabs.com.DisplayDataTests;
				PRODUCT_NAME = "$(TARGET_NAME)";
				SWIFT_VERSION = 4.2;
				TARGETED_DEVICE_FAMILY = "1,2";
				TEST_HOST = "$(BUILT_PRODUCTS_DIR)/DisplayData.app/DisplayData";
			};
			name = Release;
		};
		15DED58721F1B9630019B574 /* Debug */ = {
			isa = XCBuildConfiguration;
			baseConfigurationReference = 2A4EA4CF710B84D66F98B5BE /* Pods-DisplayDataUITests.debug.xcconfig */;
			buildSettings = {
				ALWAYS_EMBED_SWIFT_STANDARD_LIBRARIES = YES;
				CODE_SIGN_STYLE = Automatic;
				DEVELOPMENT_TEAM = 69X527K7GA;
				INFOPLIST_FILE = DisplayDataUITests/Info.plist;
				LD_RUNPATH_SEARCH_PATHS = (
					"$(inherited)",
					"@executable_path/Frameworks",
					"@loader_path/Frameworks",
				);
				PRODUCT_BUNDLE_IDENTIFIER = com.kyrptoLabs.com.DisplayDataUITests;
				PRODUCT_NAME = "$(TARGET_NAME)";
				SWIFT_VERSION = 4.2;
				TARGETED_DEVICE_FAMILY = "1,2";
				TEST_TARGET_NAME = DisplayData;
			};
			name = Debug;
		};
		15DED58821F1B9630019B574 /* Release */ = {
			isa = XCBuildConfiguration;
			baseConfigurationReference = DC21A8595B2F5AA306DD9570 /* Pods-DisplayDataUITests.release.xcconfig */;
			buildSettings = {
				ALWAYS_EMBED_SWIFT_STANDARD_LIBRARIES = YES;
				CODE_SIGN_STYLE = Automatic;
				DEVELOPMENT_TEAM = 69X527K7GA;
				INFOPLIST_FILE = DisplayDataUITests/Info.plist;
				LD_RUNPATH_SEARCH_PATHS = (
					"$(inherited)",
					"@executable_path/Frameworks",
					"@loader_path/Frameworks",
				);
				PRODUCT_BUNDLE_IDENTIFIER = com.kyrptoLabs.com.DisplayDataUITests;
				PRODUCT_NAME = "$(TARGET_NAME)";
				SWIFT_VERSION = 4.2;
				TARGETED_DEVICE_FAMILY = "1,2";
				TEST_TARGET_NAME = DisplayData;
			};
			name = Release;
		};
/* End XCBuildConfiguration section */

/* Begin XCConfigurationList section */
		15DED55321F1B95F0019B574 /* Build configuration list for PBXProject "DisplayData" */ = {
			isa = XCConfigurationList;
			buildConfigurations = (
				15DED57E21F1B9630019B574 /* Debug */,
				15DED57F21F1B9630019B574 /* Release */,
			);
			defaultConfigurationIsVisible = 0;
			defaultConfigurationName = Release;
		};
		15DED58021F1B9630019B574 /* Build configuration list for PBXNativeTarget "DisplayData" */ = {
			isa = XCConfigurationList;
			buildConfigurations = (
				15DED58121F1B9630019B574 /* Debug */,
				15DED58221F1B9630019B574 /* Release */,
			);
			defaultConfigurationIsVisible = 0;
			defaultConfigurationName = Release;
		};
		15DED58321F1B9630019B574 /* Build configuration list for PBXNativeTarget "DisplayDataTests" */ = {
			isa = XCConfigurationList;
			buildConfigurations = (
				15DED58421F1B9630019B574 /* Debug */,
				15DED58521F1B9630019B574 /* Release */,
			);
			defaultConfigurationIsVisible = 0;
			defaultConfigurationName = Release;
		};
		15DED58621F1B9630019B574 /* Build configuration list for PBXNativeTarget "DisplayDataUITests" */ = {
			isa = XCConfigurationList;
			buildConfigurations = (
				15DED58721F1B9630019B574 /* Debug */,
				15DED58821F1B9630019B574 /* Release */,
			);
			defaultConfigurationIsVisible = 0;
			defaultConfigurationName = Release;
		};
/* End XCConfigurationList section */
	};
	rootObject = 15DED55021F1B95F0019B574 /* Project object */;
}
